// !$*UTF8*$!
{
	archiveVersion = 1;
	classes = {
	};
	objectVersion = 50;
	objects = {

/* Begin PBXBuildFile section */
		6D6AE9D823F8340100F962EC /* AppDelegate.swift in Sources */ = {isa = PBXBuildFile; fileRef = 6D6AE9D723F8340100F962EC /* AppDelegate.swift */; };
		6D6AE9DA23F8340100F962EC /* SceneDelegate.swift in Sources */ = {isa = PBXBuildFile; fileRef = 6D6AE9D923F8340100F962EC /* SceneDelegate.swift */; };
		6D6AE9DC23F8340100F962EC /* RecordSoundViewController.swift in Sources */ = {isa = PBXBuildFile; fileRef = 6D6AE9DB23F8340100F962EC /* RecordSoundViewController.swift */; };
		6D6AE9DF23F8340100F962EC /* Main.storyboard in Resources */ = {isa = PBXBuildFile; fileRef = 6D6AE9DD23F8340100F962EC /* Main.storyboard */; };
		6D6AE9E123F8340300F962EC /* Assets.xcassets in Resources */ = {isa = PBXBuildFile; fileRef = 6D6AE9E023F8340300F962EC /* Assets.xcassets */; };
		6D6AE9E423F8340300F962EC /* LaunchScreen.storyboard in Resources */ = {isa = PBXBuildFile; fileRef = 6D6AE9E223F8340300F962EC /* LaunchScreen.storyboard */; };
		6D6AE9EC23F84DEE00F962EC /* PlaySoundsViewController.swift in Sources */ = {isa = PBXBuildFile; fileRef = 6D6AE9EB23F84DEE00F962EC /* PlaySoundsViewController.swift */; };
		6D6AE9EE23F9514E00F962EC /* PlaySoundsExtension.swift in Sources */ = {isa = PBXBuildFile; fileRef = 6D6AE9ED23F9514E00F962EC /* PlaySoundsExtension.swift */; };
		6D9E261E23F992D700DBB34E /* PitchPerfectTests.swift in Sources */ = {isa = PBXBuildFile; fileRef = 6D9E261D23F992D700DBB34E /* PitchPerfectTests.swift */; };
/* End PBXBuildFile section */

/* Begin PBXContainerItemProxy section */
		6D9E262023F992D700DBB34E /* PBXContainerItemProxy */ = {
			isa = PBXContainerItemProxy;
			containerPortal = 6D6AE9CC23F8340000F962EC /* Project object */;
			proxyType = 1;
			remoteGlobalIDString = 6D6AE9D323F8340000F962EC;
			remoteInfo = PitchPerfect;
		};
/* End PBXContainerItemProxy section */

/* Begin PBXFileReference section */
		6D6AE9D423F8340100F962EC /* PitchPerfect.app */ = {isa = PBXFileReference; explicitFileType = wrapper.application; includeInIndex = 0; path = PitchPerfect.app; sourceTree = BUILT_PRODUCTS_DIR; };
		6D6AE9D723F8340100F962EC /* AppDelegate.swift */ = {isa = PBXFileReference; lastKnownFileType = sourcecode.swift; path = AppDelegate.swift; sourceTree = "<group>"; };
		6D6AE9D923F8340100F962EC /* SceneDelegate.swift */ = {isa = PBXFileReference; lastKnownFileType = sourcecode.swift; path = SceneDelegate.swift; sourceTree = "<group>"; };
		6D6AE9DB23F8340100F962EC /* RecordSoundViewController.swift */ = {isa = PBXFileReference; lastKnownFileType = sourcecode.swift; path = RecordSoundViewController.swift; sourceTree = "<group>"; };
		6D6AE9DE23F8340100F962EC /* Base */ = {isa = PBXFileReference; lastKnownFileType = file.storyboard; name = Base; path = Base.lproj/Main.storyboard; sourceTree = "<group>"; };
		6D6AE9E023F8340300F962EC /* Assets.xcassets */ = {isa = PBXFileReference; lastKnownFileType = folder.assetcatalog; path = Assets.xcassets; sourceTree = "<group>"; };
		6D6AE9E323F8340300F962EC /* Base */ = {isa = PBXFileReference; lastKnownFileType = file.storyboard; name = Base; path = Base.lproj/LaunchScreen.storyboard; sourceTree = "<group>"; };
		6D6AE9E523F8340300F962EC /* Info.plist */ = {isa = PBXFileReference; lastKnownFileType = text.plist.xml; path = Info.plist; sourceTree = "<group>"; };
		6D6AE9EB23F84DEE00F962EC /* PlaySoundsViewController.swift */ = {isa = PBXFileReference; lastKnownFileType = sourcecode.swift; path = PlaySoundsViewController.swift; sourceTree = "<group>"; };
		6D6AE9ED23F9514E00F962EC /* PlaySoundsExtension.swift */ = {isa = PBXFileReference; lastKnownFileType = sourcecode.swift; path = PlaySoundsExtension.swift; sourceTree = "<group>"; };
		6D9E261B23F992D700DBB34E /* PitchPerfectTests.xctest */ = {isa = PBXFileReference; explicitFileType = wrapper.cfbundle; includeInIndex = 0; path = PitchPerfectTests.xctest; sourceTree = BUILT_PRODUCTS_DIR; };
		6D9E261D23F992D700DBB34E /* PitchPerfectTests.swift */ = {isa = PBXFileReference; lastKnownFileType = sourcecode.swift; path = PitchPerfectTests.swift; sourceTree = "<group>"; };
		6D9E261F23F992D700DBB34E /* Info.plist */ = {isa = PBXFileReference; lastKnownFileType = text.plist.xml; path = Info.plist; sourceTree = "<group>"; };
/* End PBXFileReference section */

/* Begin PBXFrameworksBuildPhase section */
		6D6AE9D123F8340000F962EC /* Frameworks */ = {
			isa = PBXFrameworksBuildPhase;
			buildActionMask = 2147483647;
			files = (
			);
			runOnlyForDeploymentPostprocessing = 0;
		};
		6D9E261823F992D700DBB34E /* Frameworks */ = {
			isa = PBXFrameworksBuildPhase;
			buildActionMask = 2147483647;
			files = (
			);
			runOnlyForDeploymentPostprocessing = 0;
		};
/* End PBXFrameworksBuildPhase section */

/* Begin PBXGroup section */
		6D6AE9CB23F8340000F962EC = {
			isa = PBXGroup;
			children = (
				6D6AE9D623F8340100F962EC /* PitchPerfect */,
				6D9E261C23F992D700DBB34E /* PitchPerfectTests */,
				6D6AE9D523F8340100F962EC /* Products */,
			);
			sourceTree = "<group>";
		};
		6D6AE9D523F8340100F962EC /* Products */ = {
			isa = PBXGroup;
			children = (
				6D6AE9D423F8340100F962EC /* PitchPerfect.app */,
				6D9E261B23F992D700DBB34E /* PitchPerfectTests.xctest */,
			);
			name = Products;
			sourceTree = "<group>";
		};
		6D6AE9D623F8340100F962EC /* PitchPerfect */ = {
			isa = PBXGroup;
			children = (
				6D6AE9D723F8340100F962EC /* AppDelegate.swift */,
				6D6AE9E223F8340300F962EC /* LaunchScreen.storyboard */,
				6D6AE9DD23F8340100F962EC /* Main.storyboard */,
				6D6AE9ED23F9514E00F962EC /* PlaySoundsExtension.swift */,
				6D6AE9EB23F84DEE00F962EC /* PlaySoundsViewController.swift */,
				6D6AE9DB23F8340100F962EC /* RecordSoundViewController.swift */,
				6D6AE9D923F8340100F962EC /* SceneDelegate.swift */,
				6D6AE9E023F8340300F962EC /* Assets.xcassets */,
				6D6AE9E523F8340300F962EC /* Info.plist */,
			);
			path = PitchPerfect;
			sourceTree = "<group>";
		};
		6D9E261C23F992D700DBB34E /* PitchPerfectTests */ = {
			isa = PBXGroup;
			children = (
				6D9E261D23F992D700DBB34E /* PitchPerfectTests.swift */,
				6D9E261F23F992D700DBB34E /* Info.plist */,
			);
			path = PitchPerfectTests;
			sourceTree = "<group>";
		};
/* End PBXGroup section */

/* Begin PBXNativeTarget section */
		6D6AE9D323F8340000F962EC /* PitchPerfect */ = {
			isa = PBXNativeTarget;
			buildConfigurationList = 6D6AE9E823F8340300F962EC /* Build configuration list for PBXNativeTarget "PitchPerfect" */;
			buildPhases = (
				6D6AE9D023F8340000F962EC /* Sources */,
				6D6AE9D123F8340000F962EC /* Frameworks */,
				6D6AE9D223F8340000F962EC /* Resources */,
			);
			buildRules = (
			);
			dependencies = (
			);
			name = PitchPerfect;
			productName = PitchPerfect;
			productReference = 6D6AE9D423F8340100F962EC /* PitchPerfect.app */;
			productType = "com.apple.product-type.application";
		};
		6D9E261A23F992D700DBB34E /* PitchPerfectTests */ = {
			isa = PBXNativeTarget;
			buildConfigurationList = 6D9E262423F992D700DBB34E /* Build configuration list for PBXNativeTarget "PitchPerfectTests" */;
			buildPhases = (
				6D9E261723F992D700DBB34E /* Sources */,
				6D9E261823F992D700DBB34E /* Frameworks */,
				6D9E261923F992D700DBB34E /* Resources */,
			);
			buildRules = (
			);
			dependencies = (
				6D9E262123F992D700DBB34E /* PBXTargetDependency */,
			);
			name = PitchPerfectTests;
			productName = PitchPerfectTests;
			productReference = 6D9E261B23F992D700DBB34E /* PitchPerfectTests.xctest */;
			productType = "com.apple.product-type.bundle.unit-test";
		};
/* End PBXNativeTarget section */

/* Begin PBXProject section */
		6D6AE9CC23F8340000F962EC /* Project object */ = {
			isa = PBXProject;
			attributes = {
				LastSwiftUpdateCheck = 1130;
				LastUpgradeCheck = 1130;
				ORGANIZATIONNAME = "Anastasia Petrova";
				TargetAttributes = {
					6D6AE9D323F8340000F962EC = {
						CreatedOnToolsVersion = 11.3;
					};
					6D9E261A23F992D700DBB34E = {
						CreatedOnToolsVersion = 11.3;
						TestTargetID = 6D6AE9D323F8340000F962EC;
					};
				};
			};
			buildConfigurationList = 6D6AE9CF23F8340000F962EC /* Build configuration list for PBXProject "PitchPerfect" */;
			compatibilityVersion = "Xcode 9.3";
			developmentRegion = en;
			hasScannedForEncodings = 0;
			knownRegions = (
				en,
				Base,
			);
			mainGroup = 6D6AE9CB23F8340000F962EC;
			productRefGroup = 6D6AE9D523F8340100F962EC /* Products */;
			projectDirPath = "";
			projectRoot = "";
			targets = (
				6D6AE9D323F8340000F962EC /* PitchPerfect */,
				6D9E261A23F992D700DBB34E /* PitchPerfectTests */,
			);
		};
/* End PBXProject section */

/* Begin PBXResourcesBuildPhase section */
		6D6AE9D223F8340000F962EC /* Resources */ = {
			isa = PBXResourcesBuildPhase;
			buildActionMask = 2147483647;
			files = (
				6D6AE9E423F8340300F962EC /* LaunchScreen.storyboard in Resources */,
				6D6AE9E123F8340300F962EC /* Assets.xcassets in Resources */,
				6D6AE9DF23F8340100F962EC /* Main.storyboard in Resources */,
			);
			runOnlyForDeploymentPostprocessing = 0;
		};
		6D9E261923F992D700DBB34E /* Resources */ = {
			isa = PBXResourcesBuildPhase;
			buildActionMask = 2147483647;
			files = (
			);
			runOnlyForDeploymentPostprocessing = 0;
		};
/* End PBXResourcesBuildPhase section */

/* Begin PBXSourcesBuildPhase section */
		6D6AE9D023F8340000F962EC /* Sources */ = {
			isa = PBXSourcesBuildPhase;
			buildActionMask = 2147483647;
			files = (
				6D6AE9DC23F8340100F962EC /* RecordSoundViewController.swift in Sources */,
				6D6AE9D823F8340100F962EC /* AppDelegate.swift in Sources */,
				6D6AE9EC23F84DEE00F962EC /* PlaySoundsViewController.swift in Sources */,
				6D6AE9DA23F8340100F962EC /* SceneDelegate.swift in Sources */,
				6D6AE9EE23F9514E00F962EC /* PlaySoundsExtension.swift in Sources */,
			);
			runOnlyForDeploymentPostprocessing = 0;
		};
		6D9E261723F992D700DBB34E /* Sources */ = {
			isa = PBXSourcesBuildPhase;
			buildActionMask = 2147483647;
			files = (
				6D9E261E23F992D700DBB34E /* PitchPerfectTests.swift in Sources */,
			);
			runOnlyForDeploymentPostprocessing = 0;
		};
/* End PBXSourcesBuildPhase section */

/* Begin PBXTargetDependency section */
		6D9E262123F992D700DBB34E /* PBXTargetDependency */ = {
			isa = PBXTargetDependency;
			target = 6D6AE9D323F8340000F962EC /* PitchPerfect */;
			targetProxy = 6D9E262023F992D700DBB34E /* PBXContainerItemProxy */;
		};
/* End PBXTargetDependency section */

/* Begin PBXVariantGroup section */
		6D6AE9DD23F8340100F962EC /* Main.storyboard */ = {
			isa = PBXVariantGroup;
			children = (
				6D6AE9DE23F8340100F962EC /* Base */,
			);
			name = Main.storyboard;
			sourceTree = "<group>";
		};
		6D6AE9E223F8340300F962EC /* LaunchScreen.storyboard */ = {
			isa = PBXVariantGroup;
			children = (
				6D6AE9E323F8340300F962EC /* Base */,
			);
			name = LaunchScreen.storyboard;
			sourceTree = "<group>";
		};
/* End PBXVariantGroup section */

/* Begin XCBuildConfiguration section */
		6D6AE9E623F8340300F962EC /* Debug */ = {
			isa = XCBuildConfiguration;
			buildSettings = {
				ALWAYS_SEARCH_USER_PATHS = NO;
				CLANG_ANALYZER_NONNULL = YES;
				CLANG_ANALYZER_NUMBER_OBJECT_CONVERSION = YES_AGGRESSIVE;
				CLANG_CXX_LANGUAGE_STANDARD = "gnu++14";
				CLANG_CXX_LIBRARY = "libc++";
				CLANG_ENABLE_MODULES = YES;
				CLANG_ENABLE_OBJC_ARC = YES;
				CLANG_ENABLE_OBJC_WEAK = YES;
				CLANG_WARN_BLOCK_CAPTURE_AUTORELEASING = YES;
				CLANG_WARN_BOOL_CONVERSION = YES;
				CLANG_WARN_COMMA = YES;
				CLANG_WARN_CONSTANT_CONVERSION = YES;
				CLANG_WARN_DEPRECATED_OBJC_IMPLEMENTATIONS = YES;
				CLANG_WARN_DIRECT_OBJC_ISA_USAGE = YES_ERROR;
				CLANG_WARN_DOCUMENTATION_COMMENTS = YES;
				CLANG_WARN_EMPTY_BODY = YES;
				CLANG_WARN_ENUM_CONVERSION = YES;
				CLANG_WARN_INFINITE_RECURSION = YES;
				CLANG_WARN_INT_CONVERSION = YES;
				CLANG_WARN_NON_LITERAL_NULL_CONVERSION = YES;
				CLANG_WARN_OBJC_IMPLICIT_RETAIN_SELF = YES;
				CLANG_WARN_OBJC_LITERAL_CONVERSION = YES;
				CLANG_WARN_OBJC_ROOT_CLASS = YES_ERROR;
				CLANG_WARN_RANGE_LOOP_ANALYSIS = YES;
				CLANG_WARN_STRICT_PROTOTYPES = YES;
				CLANG_WARN_SUSPICIOUS_MOVE = YES;
				CLANG_WARN_UNGUARDED_AVAILABILITY = YES_AGGRESSIVE;
				CLANG_WARN_UNREACHABLE_CODE = YES;
				CLANG_WARN__DUPLICATE_METHOD_MATCH = YES;
				COPY_PHASE_STRIP = NO;
				DEBUG_INFORMATION_FORMAT = dwarf;
				ENABLE_STRICT_OBJC_MSGSEND = YES;
				ENABLE_TESTABILITY = YES;
				GCC_C_LANGUAGE_STANDARD = gnu11;
				GCC_DYNAMIC_NO_PIC = NO;
				GCC_NO_COMMON_BLOCKS = YES;
				GCC_OPTIMIZATION_LEVEL = 0;
				GCC_PREPROCESSOR_DEFINITIONS = (
					"DEBUG=1",
					"$(inherited)",
				);
				GCC_WARN_64_TO_32_BIT_CONVERSION = YES;
				GCC_WARN_ABOUT_RETURN_TYPE = YES_ERROR;
				GCC_WARN_UNDECLARED_SELECTOR = YES;
				GCC_WARN_UNINITIALIZED_AUTOS = YES_AGGRESSIVE;
				GCC_WARN_UNUSED_FUNCTION = YES;
				GCC_WARN_UNUSED_VARIABLE = YES;
				IPHONEOS_DEPLOYMENT_TARGET = 13.2;
				MTL_ENABLE_DEBUG_INFO = INCLUDE_SOURCE;
				MTL_FAST_MATH = YES;
				ONLY_ACTIVE_ARCH = YES;
				SDKROOT = iphoneos;
				SWIFT_ACTIVE_COMPILATION_CONDITIONS = DEBUG;
				SWIFT_OPTIMIZATION_LEVEL = "-Onone";
			};
			name = Debug;
		};
		6D6AE9E723F8340300F962EC /* Release */ = {
			isa = XCBuildConfiguration;
			buildSettings = {
				ALWAYS_SEARCH_USER_PATHS = NO;
				CLANG_ANALYZER_NONNULL = YES;
				CLANG_ANALYZER_NUMBER_OBJECT_CONVERSION = YES_AGGRESSIVE;
				CLANG_CXX_LANGUAGE_STANDARD = "gnu++14";
				CLANG_CXX_LIBRARY = "libc++";
				CLANG_ENABLE_MODULES = YES;
				CLANG_ENABLE_OBJC_ARC = YES;
				CLANG_ENABLE_OBJC_WEAK = YES;
				CLANG_WARN_BLOCK_CAPTURE_AUTORELEASING = YES;
				CLANG_WARN_BOOL_CONVERSION = YES;
				CLANG_WARN_COMMA = YES;
				CLANG_WARN_CONSTANT_CONVERSION = YES;
				CLANG_WARN_DEPRECATED_OBJC_IMPLEMENTATIONS = YES;
				CLANG_WARN_DIRECT_OBJC_ISA_USAGE = YES_ERROR;
				CLANG_WARN_DOCUMENTATION_COMMENTS = YES;
				CLANG_WARN_EMPTY_BODY = YES;
				CLANG_WARN_ENUM_CONVERSION = YES;
				CLANG_WARN_INFINITE_RECURSION = YES;
				CLANG_WARN_INT_CONVERSION = YES;
				CLANG_WARN_NON_LITERAL_NULL_CONVERSION = YES;
				CLANG_WARN_OBJC_IMPLICIT_RETAIN_SELF = YES;
				CLANG_WARN_OBJC_LITERAL_CONVERSION = YES;
				CLANG_WARN_OBJC_ROOT_CLASS = YES_ERROR;
				CLANG_WARN_RANGE_LOOP_ANALYSIS = YES;
				CLANG_WARN_STRICT_PROTOTYPES = YES;
				CLANG_WARN_SUSPICIOUS_MOVE = YES;
				CLANG_WARN_UNGUARDED_AVAILABILITY = YES_AGGRESSIVE;
				CLANG_WARN_UNREACHABLE_CODE = YES;
				CLANG_WARN__DUPLICATE_METHOD_MATCH = YES;
				COPY_PHASE_STRIP = NO;
				DEBUG_INFORMATION_FORMAT = "dwarf-with-dsym";
				ENABLE_NS_ASSERTIONS = NO;
				ENABLE_STRICT_OBJC_MSGSEND = YES;
				GCC_C_LANGUAGE_STANDARD = gnu11;
				GCC_NO_COMMON_BLOCKS = YES;
				GCC_WARN_64_TO_32_BIT_CONVERSION = YES;
				GCC_WARN_ABOUT_RETURN_TYPE = YES_ERROR;
				GCC_WARN_UNDECLARED_SELECTOR = YES;
				GCC_WARN_UNINITIALIZED_AUTOS = YES_AGGRESSIVE;
				GCC_WARN_UNUSED_FUNCTION = YES;
				GCC_WARN_UNUSED_VARIABLE = YES;
				IPHONEOS_DEPLOYMENT_TARGET = 13.2;
				MTL_ENABLE_DEBUG_INFO = NO;
				MTL_FAST_MATH = YES;
				SDKROOT = iphoneos;
				SWIFT_COMPILATION_MODE = wholemodule;
				SWIFT_OPTIMIZATION_LEVEL = "-O";
				VALIDATE_PRODUCT = YES;
			};
			name = Release;
		};
		6D6AE9E923F8340300F962EC /* Debug */ = {
			isa = XCBuildConfiguration;
			buildSettings = {
				ASSETCATALOG_COMPILER_APPICON_NAME = AppIcon;
				CODE_SIGN_STYLE = Automatic;
				INFOPLIST_FILE = PitchPerfect/Info.plist;
				LD_RUNPATH_SEARCH_PATHS = (
					"$(inherited)",
					"@executable_path/Frameworks",
				);
				PRODUCT_BUNDLE_IDENTIFIER = petrova.PitchPerfect;
				PRODUCT_NAME = "$(TARGET_NAME)";
				SWIFT_VERSION = 5.0;
				TARGETED_DEVICE_FAMILY = "1,2";
			};
			name = Debug;
		};
		6D6AE9EA23F8340300F962EC /* Release */ = {
			isa = XCBuildConfiguration;
			buildSettings = {
				ASSETCATALOG_COMPILER_APPICON_NAME = AppIcon;
				CODE_SIGN_STYLE = Automatic;
				INFOPLIST_FILE = PitchPerfect/Info.plist;
				LD_RUNPATH_SEARCH_PATHS = (
					"$(inherited)",
					"@executable_path/Frameworks",
				);
				PRODUCT_BUNDLE_IDENTIFIER = petrova.PitchPerfect;
				PRODUCT_NAME = "$(TARGET_NAME)";
				SWIFT_VERSION = 5.0;
				TARGETED_DEVICE_FAMILY = "1,2";
			};
			name = Release;
		};
		6D9E262223F992D700DBB34E /* Debug */ = {
			isa = XCBuildConfiguration;
			buildSettings = {
				BUNDLE_LOADER = "$(TEST_HOST)";
				CODE_SIGN_STYLE = Automatic;
				INFOPLIST_FILE = PitchPerfectTests/Info.plist;
				LD_RUNPATH_SEARCH_PATHS = (
					"$(inherited)",
					"@executable_path/Frameworks",
					"@loader_path/Frameworks",
				);
				PRODUCT_BUNDLE_IDENTIFIER = petrova.PitchPerfectTests;
				PRODUCT_NAME = "$(TARGET_NAME)";
				SWIFT_VERSION = 5.0;
				TARGETED_DEVICE_FAMILY = "1,2";
				TEST_HOST = "$(BUILT_PRODUCTS_DIR)/PitchPerfect.app/PitchPerfect";
			};
			name = Debug;
		};
		6D9E262323F992D700DBB34E /* Release */ = {
			isa = XCBuildConfiguration;
			buildSettings = {
				BUNDLE_LOADER = "$(TEST_HOST)";
				CODE_SIGN_STYLE = Automatic;
				INFOPLIST_FILE = PitchPerfectTests/Info.plist;
				LD_RUNPATH_SEARCH_PATHS = (
					"$(inherited)",
					"@executable_path/Frameworks",
					"@loader_path/Frameworks",
				);
				PRODUCT_BUNDLE_IDENTIFIER = petrova.PitchPerfectTests;
				PRODUCT_NAME = "$(TARGET_NAME)";
				SWIFT_VERSION = 5.0;
				TARGETED_DEVICE_FAMILY = "1,2";
				TEST_HOST = "$(BUILT_PRODUCTS_DIR)/PitchPerfect.app/PitchPerfect";
			};
			name = Release;
		};
/* End XCBuildConfiguration section */

/* Begin XCConfigurationList section */
		6D6AE9CF23F8340000F962EC /* Build configuration list for PBXProject "PitchPerfect" */ = {
			isa = XCConfigurationList;
			buildConfigurations = (
				6D6AE9E623F8340300F962EC /* Debug */,
				6D6AE9E723F8340300F962EC /* Release */,
			);
			defaultConfigurationIsVisible = 0;
			defaultConfigurationName = Release;
		};
		6D6AE9E823F8340300F962EC /* Build configuration list for PBXNativeTarget "PitchPerfect" */ = {
			isa = XCConfigurationList;
			buildConfigurations = (
				6D6AE9E923F8340300F962EC /* Debug */,
				6D6AE9EA23F8340300F962EC /* Release */,
			);
			defaultConfigurationIsVisible = 0;
			defaultConfigurationName = Release;
		};
		6D9E262423F992D700DBB34E /* Build configuration list for PBXNativeTarget "PitchPerfectTests" */ = {
			isa = XCConfigurationList;
			buildConfigurations = (
				6D9E262223F992D700DBB34E /* Debug */,
				6D9E262323F992D700DBB34E /* Release */,
			);
			defaultConfigurationIsVisible = 0;
			defaultConfigurationName = Release;
		};
/* End XCConfigurationList section */
	};
	rootObject = 6D6AE9CC23F8340000F962EC /* Project object */;
}
