// !$*UTF8*$!
{
	archiveVersion = 1;
	classes = {
	};
	objectVersion = 50;
	objects = {

/* Begin PBXBuildFile section */
		6D5EFE9F24254D9F00FB5DC8 /* UdacityClient.swift in Sources */ = {isa = PBXBuildFile; fileRef = 6D5EFE9E24254D9F00FB5DC8 /* UdacityClient.swift */; };
		6D5EFEA1242554ED00FB5DC8 /* MapViewController.swift in Sources */ = {isa = PBXBuildFile; fileRef = 6D5EFEA0242554ED00FB5DC8 /* MapViewController.swift */; };
		6D5EFEA324255BD300FB5DC8 /* RequestSessionIDResponse.swift in Sources */ = {isa = PBXBuildFile; fileRef = 6D5EFEA224255BD300FB5DC8 /* RequestSessionIDResponse.swift */; };
		6D5EFEA52425798700FB5DC8 /* StudentsTableCell.swift in Sources */ = {isa = PBXBuildFile; fileRef = 6D5EFEA42425798700FB5DC8 /* StudentsTableCell.swift */; };
		6D5EFEA724257D4E00FB5DC8 /* StudentsTableDataSourse.swift in Sources */ = {isa = PBXBuildFile; fileRef = 6D5EFEA624257D4E00FB5DC8 /* StudentsTableDataSourse.swift */; };
		6D5EFEAE2427C24A00FB5DC8 /* InformationPostingViewController.swift in Sources */ = {isa = PBXBuildFile; fileRef = 6D5EFEAD2427C24A00FB5DC8 /* InformationPostingViewController.swift */; };
		6D666505241A538A0017CDA7 /* AppDelegate.swift in Sources */ = {isa = PBXBuildFile; fileRef = 6D666504241A538A0017CDA7 /* AppDelegate.swift */; };
		6D666507241A538A0017CDA7 /* SceneDelegate.swift in Sources */ = {isa = PBXBuildFile; fileRef = 6D666506241A538A0017CDA7 /* SceneDelegate.swift */; };
		6D666509241A538A0017CDA7 /* LoginViewController.swift in Sources */ = {isa = PBXBuildFile; fileRef = 6D666508241A538A0017CDA7 /* LoginViewController.swift */; };
		6D66650E241A53900017CDA7 /* Assets.xcassets in Resources */ = {isa = PBXBuildFile; fileRef = 6D66650D241A53900017CDA7 /* Assets.xcassets */; };
		6D666511241A53900017CDA7 /* LaunchScreen.storyboard in Resources */ = {isa = PBXBuildFile; fileRef = 6D66650F241A53900017CDA7 /* LaunchScreen.storyboard */; };
		6DA8F24B242933350041C340 /* UdacityClientTests.swift in Sources */ = {isa = PBXBuildFile; fileRef = 6DA8F24A242933350041C340 /* UdacityClientTests.swift */; };
		6DA8F25324294AE40041C340 /* StudentsLocations.swift in Sources */ = {isa = PBXBuildFile; fileRef = 6DA8F25224294AE40041C340 /* StudentsLocations.swift */; };
/* End PBXBuildFile section */

/* Begin PBXContainerItemProxy section */
		6DA8F24D242933350041C340 /* PBXContainerItemProxy */ = {
			isa = PBXContainerItemProxy;
			containerPortal = 6D6664F9241A538A0017CDA7 /* Project object */;
			proxyType = 1;
			remoteGlobalIDString = 6D666500241A538A0017CDA7;
			remoteInfo = OnTheMap;
		};
/* End PBXContainerItemProxy section */

/* Begin PBXFileReference section */
		6D5EFE9E24254D9F00FB5DC8 /* UdacityClient.swift */ = {isa = PBXFileReference; lastKnownFileType = sourcecode.swift; path = UdacityClient.swift; sourceTree = "<group>"; };
		6D5EFEA0242554ED00FB5DC8 /* MapViewController.swift */ = {isa = PBXFileReference; lastKnownFileType = sourcecode.swift; path = MapViewController.swift; sourceTree = "<group>"; };
		6D5EFEA224255BD300FB5DC8 /* RequestSessionIDResponse.swift */ = {isa = PBXFileReference; lastKnownFileType = sourcecode.swift; path = RequestSessionIDResponse.swift; sourceTree = "<group>"; };
		6D5EFEA42425798700FB5DC8 /* StudentsTableCell.swift */ = {isa = PBXFileReference; lastKnownFileType = sourcecode.swift; path = StudentsTableCell.swift; sourceTree = "<group>"; };
		6D5EFEA624257D4E00FB5DC8 /* StudentsTableDataSourse.swift */ = {isa = PBXFileReference; lastKnownFileType = sourcecode.swift; path = StudentsTableDataSourse.swift; sourceTree = "<group>"; };
		6D5EFEAD2427C24A00FB5DC8 /* InformationPostingViewController.swift */ = {isa = PBXFileReference; lastKnownFileType = sourcecode.swift; path = InformationPostingViewController.swift; sourceTree = "<group>"; };
		6D666501241A538A0017CDA7 /* OnTheMap.app */ = {isa = PBXFileReference; explicitFileType = wrapper.application; includeInIndex = 0; path = OnTheMap.app; sourceTree = BUILT_PRODUCTS_DIR; };
		6D666504241A538A0017CDA7 /* AppDelegate.swift */ = {isa = PBXFileReference; lastKnownFileType = sourcecode.swift; path = AppDelegate.swift; sourceTree = "<group>"; };
		6D666506241A538A0017CDA7 /* SceneDelegate.swift */ = {isa = PBXFileReference; lastKnownFileType = sourcecode.swift; path = SceneDelegate.swift; sourceTree = "<group>"; };
		6D666508241A538A0017CDA7 /* LoginViewController.swift */ = {isa = PBXFileReference; lastKnownFileType = sourcecode.swift; path = LoginViewController.swift; sourceTree = "<group>"; };
		6D66650D241A53900017CDA7 /* Assets.xcassets */ = {isa = PBXFileReference; lastKnownFileType = folder.assetcatalog; path = Assets.xcassets; sourceTree = "<group>"; };
		6D666510241A53900017CDA7 /* Base */ = {isa = PBXFileReference; lastKnownFileType = file.storyboard; name = Base; path = Base.lproj/LaunchScreen.storyboard; sourceTree = "<group>"; };
		6D666512241A53900017CDA7 /* Info.plist */ = {isa = PBXFileReference; lastKnownFileType = text.plist.xml; path = Info.plist; sourceTree = "<group>"; };
		6DA8F248242933350041C340 /* OnTheMapTests.xctest */ = {isa = PBXFileReference; explicitFileType = wrapper.cfbundle; includeInIndex = 0; path = OnTheMapTests.xctest; sourceTree = BUILT_PRODUCTS_DIR; };
		6DA8F24A242933350041C340 /* UdacityClientTests.swift */ = {isa = PBXFileReference; lastKnownFileType = sourcecode.swift; path = UdacityClientTests.swift; sourceTree = "<group>"; };
		6DA8F24C242933350041C340 /* Info.plist */ = {isa = PBXFileReference; lastKnownFileType = text.plist.xml; path = Info.plist; sourceTree = "<group>"; };
		6DA8F25224294AE40041C340 /* StudentsLocations.swift */ = {isa = PBXFileReference; lastKnownFileType = sourcecode.swift; path = StudentsLocations.swift; sourceTree = "<group>"; };
/* End PBXFileReference section */

/* Begin PBXFrameworksBuildPhase section */
		6D6664FE241A538A0017CDA7 /* Frameworks */ = {
			isa = PBXFrameworksBuildPhase;
			buildActionMask = 2147483647;
			files = (
			);
			runOnlyForDeploymentPostprocessing = 0;
		};
		6DA8F245242933350041C340 /* Frameworks */ = {
			isa = PBXFrameworksBuildPhase;
			buildActionMask = 2147483647;
			files = (
			);
			runOnlyForDeploymentPostprocessing = 0;
		};
/* End PBXFrameworksBuildPhase section */

/* Begin PBXGroup section */
		6D5EFEA824257E1A00FB5DC8 /* LoginScreen */ = {
			isa = PBXGroup;
			children = (
				6D666508241A538A0017CDA7 /* LoginViewController.swift */,
				6D5EFEA224255BD300FB5DC8 /* RequestSessionIDResponse.swift */,
				6D5EFE9E24254D9F00FB5DC8 /* UdacityClient.swift */,
			);
			path = LoginScreen;
			sourceTree = "<group>";
		};
		6D5EFEA924257E3000FB5DC8 /* MapScreen */ = {
			isa = PBXGroup;
			children = (
				6D5EFEA0242554ED00FB5DC8 /* MapViewController.swift */,
				6D5EFEA42425798700FB5DC8 /* StudentsTableCell.swift */,
				6D5EFEA624257D4E00FB5DC8 /* StudentsTableDataSourse.swift */,
			);
			path = MapScreen;
			sourceTree = "<group>";
		};
		6D5EFEAC2427C20400FB5DC8 /* InformationPostingView */ = {
			isa = PBXGroup;
			children = (
				6D5EFEAD2427C24A00FB5DC8 /* InformationPostingViewController.swift */,
			);
			path = InformationPostingView;
			sourceTree = "<group>";
		};
		6D6664F8241A538A0017CDA7 = {
			isa = PBXGroup;
			children = (
				6D666503241A538A0017CDA7 /* OnTheMap */,
				6DA8F249242933350041C340 /* OnTheMapTests */,
				6D666502241A538A0017CDA7 /* Products */,
			);
			sourceTree = "<group>";
		};
		6D666502241A538A0017CDA7 /* Products */ = {
			isa = PBXGroup;
			children = (
				6D666501241A538A0017CDA7 /* OnTheMap.app */,
				6DA8F248242933350041C340 /* OnTheMapTests.xctest */,
			);
			name = Products;
			sourceTree = "<group>";
		};
		6D666503241A538A0017CDA7 /* OnTheMap */ = {
			isa = PBXGroup;
			children = (
				6D5EFEAC2427C20400FB5DC8 /* InformationPostingView */,
				6D5EFEA824257E1A00FB5DC8 /* LoginScreen */,
				6D5EFEA924257E3000FB5DC8 /* MapScreen */,
				6D666504241A538A0017CDA7 /* AppDelegate.swift */,
				6DA8F25224294AE40041C340 /* StudentsLocations.swift */,
				6D66650D241A53900017CDA7 /* Assets.xcassets */,
				6D666512241A53900017CDA7 /* Info.plist */,
				6D66650F241A53900017CDA7 /* LaunchScreen.storyboard */,
				6D666506241A538A0017CDA7 /* SceneDelegate.swift */,
			);
			path = OnTheMap;
			sourceTree = "<group>";
		};
		6DA8F249242933350041C340 /* OnTheMapTests */ = {
			isa = PBXGroup;
			children = (
				6DA8F24A242933350041C340 /* UdacityClientTests.swift */,
				6DA8F24C242933350041C340 /* Info.plist */,
			);
			path = OnTheMapTests;
			sourceTree = "<group>";
		};
/* End PBXGroup section */

/* Begin PBXNativeTarget section */
		6D666500241A538A0017CDA7 /* OnTheMap */ = {
			isa = PBXNativeTarget;
			buildConfigurationList = 6D666515241A53900017CDA7 /* Build configuration list for PBXNativeTarget "OnTheMap" */;
			buildPhases = (
				6D6664FD241A538A0017CDA7 /* Sources */,
				6D6664FE241A538A0017CDA7 /* Frameworks */,
				6D6664FF241A538A0017CDA7 /* Resources */,
			);
			buildRules = (
			);
			dependencies = (
			);
			name = OnTheMap;
			productName = OnTheMap;
			productReference = 6D666501241A538A0017CDA7 /* OnTheMap.app */;
			productType = "com.apple.product-type.application";
		};
		6DA8F247242933350041C340 /* OnTheMapTests */ = {
			isa = PBXNativeTarget;
			buildConfigurationList = 6DA8F251242933350041C340 /* Build configuration list for PBXNativeTarget "OnTheMapTests" */;
			buildPhases = (
				6DA8F244242933350041C340 /* Sources */,
				6DA8F245242933350041C340 /* Frameworks */,
				6DA8F246242933350041C340 /* Resources */,
			);
			buildRules = (
			);
			dependencies = (
				6DA8F24E242933350041C340 /* PBXTargetDependency */,
			);
			name = OnTheMapTests;
			productName = OnTheMapTests;
			productReference = 6DA8F248242933350041C340 /* OnTheMapTests.xctest */;
			productType = "com.apple.product-type.bundle.unit-test";
		};
/* End PBXNativeTarget section */

/* Begin PBXProject section */
		6D6664F9241A538A0017CDA7 /* Project object */ = {
			isa = PBXProject;
			attributes = {
				LastSwiftUpdateCheck = 1130;
				LastUpgradeCheck = 1130;
				ORGANIZATIONNAME = "Anastasia Petrova";
				TargetAttributes = {
					6D666500241A538A0017CDA7 = {
						CreatedOnToolsVersion = 11.3;
					};
					6DA8F247242933350041C340 = {
						CreatedOnToolsVersion = 11.3;
						TestTargetID = 6D666500241A538A0017CDA7;
					};
				};
			};
			buildConfigurationList = 6D6664FC241A538A0017CDA7 /* Build configuration list for PBXProject "OnTheMap" */;
			compatibilityVersion = "Xcode 9.3";
			developmentRegion = en;
			hasScannedForEncodings = 0;
			knownRegions = (
				en,
				Base,
			);
			mainGroup = 6D6664F8241A538A0017CDA7;
			productRefGroup = 6D666502241A538A0017CDA7 /* Products */;
			projectDirPath = "";
			projectRoot = "";
			targets = (
				6D666500241A538A0017CDA7 /* OnTheMap */,
				6DA8F247242933350041C340 /* OnTheMapTests */,
			);
		};
/* End PBXProject section */

/* Begin PBXResourcesBuildPhase section */
		6D6664FF241A538A0017CDA7 /* Resources */ = {
			isa = PBXResourcesBuildPhase;
			buildActionMask = 2147483647;
			files = (
				6D666511241A53900017CDA7 /* LaunchScreen.storyboard in Resources */,
				6D66650E241A53900017CDA7 /* Assets.xcassets in Resources */,
			);
			runOnlyForDeploymentPostprocessing = 0;
		};
		6DA8F246242933350041C340 /* Resources */ = {
			isa = PBXResourcesBuildPhase;
			buildActionMask = 2147483647;
			files = (
			);
			runOnlyForDeploymentPostprocessing = 0;
		};
/* End PBXResourcesBuildPhase section */

/* Begin PBXSourcesBuildPhase section */
		6D6664FD241A538A0017CDA7 /* Sources */ = {
			isa = PBXSourcesBuildPhase;
			buildActionMask = 2147483647;
			files = (
				6D5EFE9F24254D9F00FB5DC8 /* UdacityClient.swift in Sources */,
				6D666509241A538A0017CDA7 /* LoginViewController.swift in Sources */,
				6D666505241A538A0017CDA7 /* AppDelegate.swift in Sources */,
				6D5EFEA1242554ED00FB5DC8 /* MapViewController.swift in Sources */,
				6DA8F25324294AE40041C340 /* StudentsLocations.swift in Sources */,
				6D5EFEA324255BD300FB5DC8 /* RequestSessionIDResponse.swift in Sources */,
				6D5EFEA724257D4E00FB5DC8 /* StudentsTableDataSourse.swift in Sources */,
				6D5EFEAE2427C24A00FB5DC8 /* InformationPostingViewController.swift in Sources */,
				6D666507241A538A0017CDA7 /* SceneDelegate.swift in Sources */,
				6D5EFEA52425798700FB5DC8 /* StudentsTableCell.swift in Sources */,
			);
			runOnlyForDeploymentPostprocessing = 0;
		};
		6DA8F244242933350041C340 /* Sources */ = {
			isa = PBXSourcesBuildPhase;
			buildActionMask = 2147483647;
			files = (
				6DA8F24B242933350041C340 /* UdacityClientTests.swift in Sources */,
			);
			runOnlyForDeploymentPostprocessing = 0;
		};
/* End PBXSourcesBuildPhase section */

/* Begin PBXTargetDependency section */
		6DA8F24E242933350041C340 /* PBXTargetDependency */ = {
			isa = PBXTargetDependency;
			target = 6D666500241A538A0017CDA7 /* OnTheMap */;
			targetProxy = 6DA8F24D242933350041C340 /* PBXContainerItemProxy */;
		};
/* End PBXTargetDependency section */

/* Begin PBXVariantGroup section */
		6D66650F241A53900017CDA7 /* LaunchScreen.storyboard */ = {
			isa = PBXVariantGroup;
			children = (
				6D666510241A53900017CDA7 /* Base */,
			);
			name = LaunchScreen.storyboard;
			sourceTree = "<group>";
		};
/* End PBXVariantGroup section */

/* Begin XCBuildConfiguration section */
		6D666513241A53900017CDA7 /* Debug */ = {
			isa = XCBuildConfiguration;
			buildSettings = {
				ALWAYS_SEARCH_USER_PATHS = NO;
				CLANG_ANALYZER_NONNULL = YES;
				CLANG_ANALYZER_NUMBER_OBJECT_CONVERSION = YES_AGGRESSIVE;
				CLANG_CXX_LANGUAGE_STANDARD = "gnu++14";
				CLANG_CXX_LIBRARY = "libc++";
				CLANG_ENABLE_MODULES = YES;
				CLANG_ENABLE_OBJC_ARC = YES;
				CLANG_ENABLE_OBJC_WEAK = YES;
				CLANG_WARN_BLOCK_CAPTURE_AUTORELEASING = YES;
				CLANG_WARN_BOOL_CONVERSION = YES;
				CLANG_WARN_COMMA = YES;
				CLANG_WARN_CONSTANT_CONVERSION = YES;
				CLANG_WARN_DEPRECATED_OBJC_IMPLEMENTATIONS = YES;
				CLANG_WARN_DIRECT_OBJC_ISA_USAGE = YES_ERROR;
				CLANG_WARN_DOCUMENTATION_COMMENTS = YES;
				CLANG_WARN_EMPTY_BODY = YES;
				CLANG_WARN_ENUM_CONVERSION = YES;
				CLANG_WARN_INFINITE_RECURSION = YES;
				CLANG_WARN_INT_CONVERSION = YES;
				CLANG_WARN_NON_LITERAL_NULL_CONVERSION = YES;
				CLANG_WARN_OBJC_IMPLICIT_RETAIN_SELF = YES;
				CLANG_WARN_OBJC_LITERAL_CONVERSION = YES;
				CLANG_WARN_OBJC_ROOT_CLASS = YES_ERROR;
				CLANG_WARN_RANGE_LOOP_ANALYSIS = YES;
				CLANG_WARN_STRICT_PROTOTYPES = YES;
				CLANG_WARN_SUSPICIOUS_MOVE = YES;
				CLANG_WARN_UNGUARDED_AVAILABILITY = YES_AGGRESSIVE;
				CLANG_WARN_UNREACHABLE_CODE = YES;
				CLANG_WARN__DUPLICATE_METHOD_MATCH = YES;
				COPY_PHASE_STRIP = NO;
				DEBUG_INFORMATION_FORMAT = dwarf;
				ENABLE_STRICT_OBJC_MSGSEND = YES;
				ENABLE_TESTABILITY = YES;
				GCC_C_LANGUAGE_STANDARD = gnu11;
				GCC_DYNAMIC_NO_PIC = NO;
				GCC_NO_COMMON_BLOCKS = YES;
				GCC_OPTIMIZATION_LEVEL = 0;
				GCC_PREPROCESSOR_DEFINITIONS = (
					"DEBUG=1",
					"$(inherited)",
				);
				GCC_WARN_64_TO_32_BIT_CONVERSION = YES;
				GCC_WARN_ABOUT_RETURN_TYPE = YES_ERROR;
				GCC_WARN_UNDECLARED_SELECTOR = YES;
				GCC_WARN_UNINITIALIZED_AUTOS = YES_AGGRESSIVE;
				GCC_WARN_UNUSED_FUNCTION = YES;
				GCC_WARN_UNUSED_VARIABLE = YES;
				IPHONEOS_DEPLOYMENT_TARGET = 13.2;
				MTL_ENABLE_DEBUG_INFO = INCLUDE_SOURCE;
				MTL_FAST_MATH = YES;
				ONLY_ACTIVE_ARCH = YES;
				SDKROOT = iphoneos;
				SWIFT_ACTIVE_COMPILATION_CONDITIONS = DEBUG;
				SWIFT_OPTIMIZATION_LEVEL = "-Onone";
			};
			name = Debug;
		};
		6D666514241A53900017CDA7 /* Release */ = {
			isa = XCBuildConfiguration;
			buildSettings = {
				ALWAYS_SEARCH_USER_PATHS = NO;
				CLANG_ANALYZER_NONNULL = YES;
				CLANG_ANALYZER_NUMBER_OBJECT_CONVERSION = YES_AGGRESSIVE;
				CLANG_CXX_LANGUAGE_STANDARD = "gnu++14";
				CLANG_CXX_LIBRARY = "libc++";
				CLANG_ENABLE_MODULES = YES;
				CLANG_ENABLE_OBJC_ARC = YES;
				CLANG_ENABLE_OBJC_WEAK = YES;
				CLANG_WARN_BLOCK_CAPTURE_AUTORELEASING = YES;
				CLANG_WARN_BOOL_CONVERSION = YES;
				CLANG_WARN_COMMA = YES;
				CLANG_WARN_CONSTANT_CONVERSION = YES;
				CLANG_WARN_DEPRECATED_OBJC_IMPLEMENTATIONS = YES;
				CLANG_WARN_DIRECT_OBJC_ISA_USAGE = YES_ERROR;
				CLANG_WARN_DOCUMENTATION_COMMENTS = YES;
				CLANG_WARN_EMPTY_BODY = YES;
				CLANG_WARN_ENUM_CONVERSION = YES;
				CLANG_WARN_INFINITE_RECURSION = YES;
				CLANG_WARN_INT_CONVERSION = YES;
				CLANG_WARN_NON_LITERAL_NULL_CONVERSION = YES;
				CLANG_WARN_OBJC_IMPLICIT_RETAIN_SELF = YES;
				CLANG_WARN_OBJC_LITERAL_CONVERSION = YES;
				CLANG_WARN_OBJC_ROOT_CLASS = YES_ERROR;
				CLANG_WARN_RANGE_LOOP_ANALYSIS = YES;
				CLANG_WARN_STRICT_PROTOTYPES = YES;
				CLANG_WARN_SUSPICIOUS_MOVE = YES;
				CLANG_WARN_UNGUARDED_AVAILABILITY = YES_AGGRESSIVE;
				CLANG_WARN_UNREACHABLE_CODE = YES;
				CLANG_WARN__DUPLICATE_METHOD_MATCH = YES;
				COPY_PHASE_STRIP = NO;
				DEBUG_INFORMATION_FORMAT = "dwarf-with-dsym";
				ENABLE_NS_ASSERTIONS = NO;
				ENABLE_STRICT_OBJC_MSGSEND = YES;
				GCC_C_LANGUAGE_STANDARD = gnu11;
				GCC_NO_COMMON_BLOCKS = YES;
				GCC_WARN_64_TO_32_BIT_CONVERSION = YES;
				GCC_WARN_ABOUT_RETURN_TYPE = YES_ERROR;
				GCC_WARN_UNDECLARED_SELECTOR = YES;
				GCC_WARN_UNINITIALIZED_AUTOS = YES_AGGRESSIVE;
				GCC_WARN_UNUSED_FUNCTION = YES;
				GCC_WARN_UNUSED_VARIABLE = YES;
				IPHONEOS_DEPLOYMENT_TARGET = 13.2;
				MTL_ENABLE_DEBUG_INFO = NO;
				MTL_FAST_MATH = YES;
				SDKROOT = iphoneos;
				SWIFT_COMPILATION_MODE = wholemodule;
				SWIFT_OPTIMIZATION_LEVEL = "-O";
				VALIDATE_PRODUCT = YES;
			};
			name = Release;
		};
		6D666516241A53900017CDA7 /* Debug */ = {
			isa = XCBuildConfiguration;
			buildSettings = {
				ASSETCATALOG_COMPILER_APPICON_NAME = AppIcon;
				CODE_SIGN_STYLE = Automatic;
				INFOPLIST_FILE = OnTheMap/Info.plist;
				LD_RUNPATH_SEARCH_PATHS = (
					"$(inherited)",
					"@executable_path/Frameworks",
				);
				PRODUCT_BUNDLE_IDENTIFIER = petrova.OnTheMap;
				PRODUCT_NAME = "$(TARGET_NAME)";
				SWIFT_VERSION = 5.0;
				TARGETED_DEVICE_FAMILY = "1,2";
			};
			name = Debug;
		};
		6D666517241A53900017CDA7 /* Release */ = {
			isa = XCBuildConfiguration;
			buildSettings = {
				ASSETCATALOG_COMPILER_APPICON_NAME = AppIcon;
				CODE_SIGN_STYLE = Automatic;
				INFOPLIST_FILE = OnTheMap/Info.plist;
				LD_RUNPATH_SEARCH_PATHS = (
					"$(inherited)",
					"@executable_path/Frameworks",
				);
				PRODUCT_BUNDLE_IDENTIFIER = petrova.OnTheMap;
				PRODUCT_NAME = "$(TARGET_NAME)";
				SWIFT_VERSION = 5.0;
				TARGETED_DEVICE_FAMILY = "1,2";
			};
			name = Release;
		};
		6DA8F24F242933350041C340 /* Debug */ = {
			isa = XCBuildConfiguration;
			buildSettings = {
				BUNDLE_LOADER = "$(TEST_HOST)";
				CODE_SIGN_STYLE = Automatic;
				INFOPLIST_FILE = OnTheMapTests/Info.plist;
				LD_RUNPATH_SEARCH_PATHS = (
					"$(inherited)",
					"@executable_path/Frameworks",
					"@loader_path/Frameworks",
				);
				PRODUCT_BUNDLE_IDENTIFIER = petrova.OnTheMapTests;
				PRODUCT_NAME = "$(TARGET_NAME)";
				SWIFT_VERSION = 5.0;
				TARGETED_DEVICE_FAMILY = "1,2";
				TEST_HOST = "$(BUILT_PRODUCTS_DIR)/OnTheMap.app/OnTheMap";
			};
			name = Debug;
		};
		6DA8F250242933350041C340 /* Release */ = {
			isa = XCBuildConfiguration;
			buildSettings = {
				BUNDLE_LOADER = "$(TEST_HOST)";
				CODE_SIGN_STYLE = Automatic;
				INFOPLIST_FILE = OnTheMapTests/Info.plist;
				LD_RUNPATH_SEARCH_PATHS = (
					"$(inherited)",
					"@executable_path/Frameworks",
					"@loader_path/Frameworks",
				);
				PRODUCT_BUNDLE_IDENTIFIER = petrova.OnTheMapTests;
				PRODUCT_NAME = "$(TARGET_NAME)";
				SWIFT_VERSION = 5.0;
				TARGETED_DEVICE_FAMILY = "1,2";
				TEST_HOST = "$(BUILT_PRODUCTS_DIR)/OnTheMap.app/OnTheMap";
			};
			name = Release;
		};
/* End XCBuildConfiguration section */

/* Begin XCConfigurationList section */
		6D6664FC241A538A0017CDA7 /* Build configuration list for PBXProject "OnTheMap" */ = {
			isa = XCConfigurationList;
			buildConfigurations = (
				6D666513241A53900017CDA7 /* Debug */,
				6D666514241A53900017CDA7 /* Release */,
			);
			defaultConfigurationIsVisible = 0;
			defaultConfigurationName = Release;
		};
		6D666515241A53900017CDA7 /* Build configuration list for PBXNativeTarget "OnTheMap" */ = {
			isa = XCConfigurationList;
			buildConfigurations = (
				6D666516241A53900017CDA7 /* Debug */,
				6D666517241A53900017CDA7 /* Release */,
			);
			defaultConfigurationIsVisible = 0;
			defaultConfigurationName = Release;
		};
		6DA8F251242933350041C340 /* Build configuration list for PBXNativeTarget "OnTheMapTests" */ = {
			isa = XCConfigurationList;
			buildConfigurations = (
				6DA8F24F242933350041C340 /* Debug */,
				6DA8F250242933350041C340 /* Release */,
			);
			defaultConfigurationIsVisible = 0;
			defaultConfigurationName = Release;
		};
/* End XCConfigurationList section */
	};
	rootObject = 6D6664F9241A538A0017CDA7 /* Project object */;
}
