// !$*UTF8*$!
{
	archiveVersion = 1;
	classes = {
	};
	objectVersion = 50;
	objects = {

/* Begin PBXBuildFile section */
		6D362B9123FAB9B70078AF3D /* AppDelegate.swift in Sources */ = {isa = PBXBuildFile; fileRef = 6D362B9023FAB9B70078AF3D /* AppDelegate.swift */; };
		6D362B9323FAB9B70078AF3D /* SceneDelegate.swift in Sources */ = {isa = PBXBuildFile; fileRef = 6D362B9223FAB9B70078AF3D /* SceneDelegate.swift */; };
		6D362B9A23FAB9B90078AF3D /* Assets.xcassets in Resources */ = {isa = PBXBuildFile; fileRef = 6D362B9923FAB9B90078AF3D /* Assets.xcassets */; };
		6D362B9D23FAB9B90078AF3D /* LaunchScreen.storyboard in Resources */ = {isa = PBXBuildFile; fileRef = 6D362B9B23FAB9B90078AF3D /* LaunchScreen.storyboard */; };
		6D362BA523FACD6F0078AF3D /* MemeEditorViewController.swift in Sources */ = {isa = PBXBuildFile; fileRef = 6D362BA423FACD6F0078AF3D /* MemeEditorViewController.swift */; };
		6D362BAB23FAE6950078AF3D /* PhotoBrowser.swift in Sources */ = {isa = PBXBuildFile; fileRef = 6D362BAA23FAE6950078AF3D /* PhotoBrowser.swift */; };
		6D5851A6240402730038066B /* CollectionViewLayout.swift in Sources */ = {isa = PBXBuildFile; fileRef = 6D5851A5240402730038066B /* CollectionViewLayout.swift */; };
		6D73C7732405546B007D5925 /* UserStorage.swift in Sources */ = {isa = PBXBuildFile; fileRef = 6D73C7722405546B007D5925 /* UserStorage.swift */; };
		6D77B4D32401A1A20028A0CE /* DataSource.swift in Sources */ = {isa = PBXBuildFile; fileRef = 6D77B4D22401A1A20028A0CE /* DataSource.swift */; };
		6D77B4D52401A24C0028A0CE /* TableViewCell.swift in Sources */ = {isa = PBXBuildFile; fileRef = 6D77B4D42401A24C0028A0CE /* TableViewCell.swift */; };
		6D77B4D72401B4070028A0CE /* DetailViewController.swift in Sources */ = {isa = PBXBuildFile; fileRef = 6D77B4D62401B4070028A0CE /* DetailViewController.swift */; };
		6D7948192403FA9E00AB0038 /* CollectionViewDataSource.swift in Sources */ = {isa = PBXBuildFile; fileRef = 6D7948182403FA9E00AB0038 /* CollectionViewDataSource.swift */; };
		6D79481B2403FB0F00AB0038 /* CollectionViewCell.swift in Sources */ = {isa = PBXBuildFile; fileRef = 6D79481A2403FB0F00AB0038 /* CollectionViewCell.swift */; };
		6DCE64C623FFDD8900D00513 /* MemeTests.swift in Sources */ = {isa = PBXBuildFile; fileRef = 6DCE64C523FFDD8900D00513 /* MemeTests.swift */; };
		6DCE64CE23FFDE2400D00513 /* Assets.xcassets in Resources */ = {isa = PBXBuildFile; fileRef = 6DCE64CD23FFDE2300D00513 /* Assets.xcassets */; };
		6DCE64D023FFDE7500D00513 /* Bundle.swift in Sources */ = {isa = PBXBuildFile; fileRef = 6DCE64CF23FFDE7500D00513 /* Bundle.swift */; };
		6DD84E6323FC459000CAFFD0 /* MemeModel.swift in Sources */ = {isa = PBXBuildFile; fileRef = 6DD84E6223FC459000CAFFD0 /* MemeModel.swift */; };
		6DE3C50A2400437D00589BCC /* SentMemesViewController.swift in Sources */ = {isa = PBXBuildFile; fileRef = 6DE3C5092400437D00589BCC /* SentMemesViewController.swift */; };
/* End PBXBuildFile section */

/* Begin PBXContainerItemProxy section */
		6DCE64C823FFDD8900D00513 /* PBXContainerItemProxy */ = {
			isa = PBXContainerItemProxy;
			containerPortal = 6D362B8523FAB9B70078AF3D /* Project object */;
			proxyType = 1;
			remoteGlobalIDString = 6D362B8C23FAB9B70078AF3D;
			remoteInfo = Meme;
		};
/* End PBXContainerItemProxy section */

/* Begin PBXFileReference section */
		6D362B8D23FAB9B70078AF3D /* Meme.app */ = {isa = PBXFileReference; explicitFileType = wrapper.application; includeInIndex = 0; path = Meme.app; sourceTree = BUILT_PRODUCTS_DIR; };
		6D362B9023FAB9B70078AF3D /* AppDelegate.swift */ = {isa = PBXFileReference; lastKnownFileType = sourcecode.swift; path = AppDelegate.swift; sourceTree = "<group>"; };
		6D362B9223FAB9B70078AF3D /* SceneDelegate.swift */ = {isa = PBXFileReference; lastKnownFileType = sourcecode.swift; path = SceneDelegate.swift; sourceTree = "<group>"; };
		6D362B9923FAB9B90078AF3D /* Assets.xcassets */ = {isa = PBXFileReference; lastKnownFileType = folder.assetcatalog; path = Assets.xcassets; sourceTree = "<group>"; };
		6D362B9C23FAB9B90078AF3D /* Base */ = {isa = PBXFileReference; lastKnownFileType = file.storyboard; name = Base; path = Base.lproj/LaunchScreen.storyboard; sourceTree = "<group>"; };
		6D362B9E23FAB9B90078AF3D /* Info.plist */ = {isa = PBXFileReference; lastKnownFileType = text.plist.xml; path = Info.plist; sourceTree = "<group>"; };
		6D362BA423FACD6F0078AF3D /* MemeEditorViewController.swift */ = {isa = PBXFileReference; lastKnownFileType = sourcecode.swift; path = MemeEditorViewController.swift; sourceTree = "<group>"; };
		6D362BAA23FAE6950078AF3D /* PhotoBrowser.swift */ = {isa = PBXFileReference; lastKnownFileType = sourcecode.swift; path = PhotoBrowser.swift; sourceTree = "<group>"; };
		6D5851A5240402730038066B /* CollectionViewLayout.swift */ = {isa = PBXFileReference; lastKnownFileType = sourcecode.swift; path = CollectionViewLayout.swift; sourceTree = "<group>"; };
		6D73C7722405546B007D5925 /* UserStorage.swift */ = {isa = PBXFileReference; lastKnownFileType = sourcecode.swift; path = UserStorage.swift; sourceTree = "<group>"; };
		6D77B4D22401A1A20028A0CE /* DataSource.swift */ = {isa = PBXFileReference; lastKnownFileType = sourcecode.swift; path = DataSource.swift; sourceTree = "<group>"; };
		6D77B4D42401A24C0028A0CE /* TableViewCell.swift */ = {isa = PBXFileReference; lastKnownFileType = sourcecode.swift; path = TableViewCell.swift; sourceTree = "<group>"; };
		6D77B4D62401B4070028A0CE /* DetailViewController.swift */ = {isa = PBXFileReference; lastKnownFileType = sourcecode.swift; path = DetailViewController.swift; sourceTree = "<group>"; };
		6D7948182403FA9E00AB0038 /* CollectionViewDataSource.swift */ = {isa = PBXFileReference; lastKnownFileType = sourcecode.swift; path = CollectionViewDataSource.swift; sourceTree = "<group>"; };
		6D79481A2403FB0F00AB0038 /* CollectionViewCell.swift */ = {isa = PBXFileReference; lastKnownFileType = sourcecode.swift; path = CollectionViewCell.swift; sourceTree = "<group>"; };
		6DCE64C323FFDD8900D00513 /* MemeTests.xctest */ = {isa = PBXFileReference; explicitFileType = wrapper.cfbundle; includeInIndex = 0; path = MemeTests.xctest; sourceTree = BUILT_PRODUCTS_DIR; };
		6DCE64C523FFDD8900D00513 /* MemeTests.swift */ = {isa = PBXFileReference; lastKnownFileType = sourcecode.swift; path = MemeTests.swift; sourceTree = "<group>"; };
		6DCE64C723FFDD8900D00513 /* Info.plist */ = {isa = PBXFileReference; lastKnownFileType = text.plist.xml; path = Info.plist; sourceTree = "<group>"; };
		6DCE64CD23FFDE2300D00513 /* Assets.xcassets */ = {isa = PBXFileReference; lastKnownFileType = folder.assetcatalog; path = Assets.xcassets; sourceTree = "<group>"; };
		6DCE64CF23FFDE7500D00513 /* Bundle.swift */ = {isa = PBXFileReference; lastKnownFileType = sourcecode.swift; path = Bundle.swift; sourceTree = "<group>"; };
		6DD84E6223FC459000CAFFD0 /* MemeModel.swift */ = {isa = PBXFileReference; lastKnownFileType = sourcecode.swift; path = MemeModel.swift; sourceTree = "<group>"; };
		6DE3C5092400437D00589BCC /* SentMemesViewController.swift */ = {isa = PBXFileReference; lastKnownFileType = sourcecode.swift; path = SentMemesViewController.swift; sourceTree = "<group>"; };
/* End PBXFileReference section */

/* Begin PBXFrameworksBuildPhase section */
		6D362B8A23FAB9B70078AF3D /* Frameworks */ = {
			isa = PBXFrameworksBuildPhase;
			buildActionMask = 2147483647;
			files = (
			);
			runOnlyForDeploymentPostprocessing = 0;
		};
		6DCE64C023FFDD8900D00513 /* Frameworks */ = {
			isa = PBXFrameworksBuildPhase;
			buildActionMask = 2147483647;
			files = (
			);
			runOnlyForDeploymentPostprocessing = 0;
		};
/* End PBXFrameworksBuildPhase section */

/* Begin PBXGroup section */
		6D362B8423FAB9B70078AF3D = {
			isa = PBXGroup;
			children = (
				6D362B8F23FAB9B70078AF3D /* Meme */,
				6DCE64C423FFDD8900D00513 /* MemeTests */,
				6D362B8E23FAB9B70078AF3D /* Products */,
			);
			sourceTree = "<group>";
		};
		6D362B8E23FAB9B70078AF3D /* Products */ = {
			isa = PBXGroup;
			children = (
				6D362B8D23FAB9B70078AF3D /* Meme.app */,
				6DCE64C323FFDD8900D00513 /* MemeTests.xctest */,
			);
			name = Products;
			sourceTree = "<group>";
		};
		6D362B8F23FAB9B70078AF3D /* Meme */ = {
			isa = PBXGroup;
			children = (
				6D7948172403F9CF00AB0038 /* TableView */,
				6D362B9023FAB9B70078AF3D /* AppDelegate.swift */,
				6D77B4D62401B4070028A0CE /* DetailViewController.swift */,
				6D362B9B23FAB9B90078AF3D /* LaunchScreen.storyboard */,
				6D362BA423FACD6F0078AF3D /* MemeEditorViewController.swift */,
				6D79481C2403FB1900AB0038 /* CollectionView */,
				6DD84E6223FC459000CAFFD0 /* MemeModel.swift */,
				6D73C7722405546B007D5925 /* UserStorage.swift */,
				6D362BAA23FAE6950078AF3D /* PhotoBrowser.swift */,
				6D362B9223FAB9B70078AF3D /* SceneDelegate.swift */,
				6DE3C5092400437D00589BCC /* SentMemesViewController.swift */,
				6D362B9923FAB9B90078AF3D /* Assets.xcassets */,
				6D362B9E23FAB9B90078AF3D /* Info.plist */,
			);
			path = Meme;
			sourceTree = "<group>";
		};
		6D7948172403F9CF00AB0038 /* TableView */ = {
			isa = PBXGroup;
			children = (
				6D77B4D42401A24C0028A0CE /* TableViewCell.swift */,
				6D77B4D22401A1A20028A0CE /* DataSource.swift */,
			);
			path = TableView;
			sourceTree = "<group>";
		};
		6D79481C2403FB1900AB0038 /* CollectionView */ = {
			isa = PBXGroup;
			children = (
				6D79481A2403FB0F00AB0038 /* CollectionViewCell.swift */,
				6D5851A5240402730038066B /* CollectionViewLayout.swift */,
				6D7948182403FA9E00AB0038 /* CollectionViewDataSource.swift */,
			);
			path = CollectionView;
			sourceTree = "<group>";
		};
		6DCE64C423FFDD8900D00513 /* MemeTests */ = {
			isa = PBXGroup;
			children = (
				6DCE64C523FFDD8900D00513 /* MemeTests.swift */,
				6DCE64CD23FFDE2300D00513 /* Assets.xcassets */,
				6DCE64CF23FFDE7500D00513 /* Bundle.swift */,
				6DCE64C723FFDD8900D00513 /* Info.plist */,
			);
			path = MemeTests;
			sourceTree = "<group>";
		};
/* End PBXGroup section */

/* Begin PBXNativeTarget section */
		6D362B8C23FAB9B70078AF3D /* Meme */ = {
			isa = PBXNativeTarget;
			buildConfigurationList = 6D362BA123FAB9B90078AF3D /* Build configuration list for PBXNativeTarget "Meme" */;
			buildPhases = (
				6D362B8923FAB9B70078AF3D /* Sources */,
				6D362B8A23FAB9B70078AF3D /* Frameworks */,
				6D362B8B23FAB9B70078AF3D /* Resources */,
			);
			buildRules = (
			);
			dependencies = (
			);
			name = Meme;
			productName = Meme;
			productReference = 6D362B8D23FAB9B70078AF3D /* Meme.app */;
			productType = "com.apple.product-type.application";
		};
		6DCE64C223FFDD8900D00513 /* MemeTests */ = {
			isa = PBXNativeTarget;
			buildConfigurationList = 6DCE64CC23FFDD8900D00513 /* Build configuration list for PBXNativeTarget "MemeTests" */;
			buildPhases = (
				6DCE64BF23FFDD8900D00513 /* Sources */,
				6DCE64C023FFDD8900D00513 /* Frameworks */,
				6DCE64C123FFDD8900D00513 /* Resources */,
			);
			buildRules = (
			);
			dependencies = (
				6DCE64C923FFDD8900D00513 /* PBXTargetDependency */,
			);
			name = MemeTests;
			productName = MemeTests;
			productReference = 6DCE64C323FFDD8900D00513 /* MemeTests.xctest */;
			productType = "com.apple.product-type.bundle.unit-test";
		};
/* End PBXNativeTarget section */

/* Begin PBXProject section */
		6D362B8523FAB9B70078AF3D /* Project object */ = {
			isa = PBXProject;
			attributes = {
				LastSwiftUpdateCheck = 1130;
				LastUpgradeCheck = 1130;
				ORGANIZATIONNAME = "Anastasia Petrova";
				TargetAttributes = {
					6D362B8C23FAB9B70078AF3D = {
						CreatedOnToolsVersion = 11.3;
					};
					6DCE64C223FFDD8900D00513 = {
						CreatedOnToolsVersion = 11.3;
						TestTargetID = 6D362B8C23FAB9B70078AF3D;
					};
				};
			};
			buildConfigurationList = 6D362B8823FAB9B70078AF3D /* Build configuration list for PBXProject "Meme" */;
			compatibilityVersion = "Xcode 9.3";
			developmentRegion = en;
			hasScannedForEncodings = 0;
			knownRegions = (
				en,
				Base,
			);
			mainGroup = 6D362B8423FAB9B70078AF3D;
			productRefGroup = 6D362B8E23FAB9B70078AF3D /* Products */;
			projectDirPath = "";
			projectRoot = "";
			targets = (
				6D362B8C23FAB9B70078AF3D /* Meme */,
				6DCE64C223FFDD8900D00513 /* MemeTests */,
			);
		};
/* End PBXProject section */

/* Begin PBXResourcesBuildPhase section */
		6D362B8B23FAB9B70078AF3D /* Resources */ = {
			isa = PBXResourcesBuildPhase;
			buildActionMask = 2147483647;
			files = (
				6D362B9D23FAB9B90078AF3D /* LaunchScreen.storyboard in Resources */,
				6D362B9A23FAB9B90078AF3D /* Assets.xcassets in Resources */,
			);
			runOnlyForDeploymentPostprocessing = 0;
		};
		6DCE64C123FFDD8900D00513 /* Resources */ = {
			isa = PBXResourcesBuildPhase;
			buildActionMask = 2147483647;
			files = (
				6DCE64CE23FFDE2400D00513 /* Assets.xcassets in Resources */,
			);
			runOnlyForDeploymentPostprocessing = 0;
		};
/* End PBXResourcesBuildPhase section */

/* Begin PBXSourcesBuildPhase section */
		6D362B8923FAB9B70078AF3D /* Sources */ = {
			isa = PBXSourcesBuildPhase;
			buildActionMask = 2147483647;
			files = (
				6D77B4D72401B4070028A0CE /* DetailViewController.swift in Sources */,
				6D73C7732405546B007D5925 /* UserStorage.swift in Sources */,
				6DE3C50A2400437D00589BCC /* SentMemesViewController.swift in Sources */,
				6D77B4D52401A24C0028A0CE /* TableViewCell.swift in Sources */,
				6D362B9123FAB9B70078AF3D /* AppDelegate.swift in Sources */,
				6D362BAB23FAE6950078AF3D /* PhotoBrowser.swift in Sources */,
				6D7948192403FA9E00AB0038 /* CollectionViewDataSource.swift in Sources */,
				6D5851A6240402730038066B /* CollectionViewLayout.swift in Sources */,
				6D362BA523FACD6F0078AF3D /* MemeEditorViewController.swift in Sources */,
				6D362B9323FAB9B70078AF3D /* SceneDelegate.swift in Sources */,
				6D77B4D32401A1A20028A0CE /* DataSource.swift in Sources */,
				6DD84E6323FC459000CAFFD0 /* MemeModel.swift in Sources */,
				6D79481B2403FB0F00AB0038 /* CollectionViewCell.swift in Sources */,
			);
			runOnlyForDeploymentPostprocessing = 0;
		};
		6DCE64BF23FFDD8900D00513 /* Sources */ = {
			isa = PBXSourcesBuildPhase;
			buildActionMask = 2147483647;
			files = (
				6DCE64C623FFDD8900D00513 /* MemeTests.swift in Sources */,
				6DCE64D023FFDE7500D00513 /* Bundle.swift in Sources */,
			);
			runOnlyForDeploymentPostprocessing = 0;
		};
/* End PBXSourcesBuildPhase section */

/* Begin PBXTargetDependency section */
		6DCE64C923FFDD8900D00513 /* PBXTargetDependency */ = {
			isa = PBXTargetDependency;
			target = 6D362B8C23FAB9B70078AF3D /* Meme */;
			targetProxy = 6DCE64C823FFDD8900D00513 /* PBXContainerItemProxy */;
		};
/* End PBXTargetDependency section */

/* Begin PBXVariantGroup section */
		6D362B9B23FAB9B90078AF3D /* LaunchScreen.storyboard */ = {
			isa = PBXVariantGroup;
			children = (
				6D362B9C23FAB9B90078AF3D /* Base */,
			);
			name = LaunchScreen.storyboard;
			sourceTree = "<group>";
		};
/* End PBXVariantGroup section */

/* Begin XCBuildConfiguration section */
		6D362B9F23FAB9B90078AF3D /* Debug */ = {
			isa = XCBuildConfiguration;
			buildSettings = {
				ALWAYS_SEARCH_USER_PATHS = NO;
				CLANG_ANALYZER_NONNULL = YES;
				CLANG_ANALYZER_NUMBER_OBJECT_CONVERSION = YES_AGGRESSIVE;
				CLANG_CXX_LANGUAGE_STANDARD = "gnu++14";
				CLANG_CXX_LIBRARY = "libc++";
				CLANG_ENABLE_MODULES = YES;
				CLANG_ENABLE_OBJC_ARC = YES;
				CLANG_ENABLE_OBJC_WEAK = YES;
				CLANG_WARN_BLOCK_CAPTURE_AUTORELEASING = YES;
				CLANG_WARN_BOOL_CONVERSION = YES;
				CLANG_WARN_COMMA = YES;
				CLANG_WARN_CONSTANT_CONVERSION = YES;
				CLANG_WARN_DEPRECATED_OBJC_IMPLEMENTATIONS = YES;
				CLANG_WARN_DIRECT_OBJC_ISA_USAGE = YES_ERROR;
				CLANG_WARN_DOCUMENTATION_COMMENTS = YES;
				CLANG_WARN_EMPTY_BODY = YES;
				CLANG_WARN_ENUM_CONVERSION = YES;
				CLANG_WARN_INFINITE_RECURSION = YES;
				CLANG_WARN_INT_CONVERSION = YES;
				CLANG_WARN_NON_LITERAL_NULL_CONVERSION = YES;
				CLANG_WARN_OBJC_IMPLICIT_RETAIN_SELF = YES;
				CLANG_WARN_OBJC_LITERAL_CONVERSION = YES;
				CLANG_WARN_OBJC_ROOT_CLASS = YES_ERROR;
				CLANG_WARN_RANGE_LOOP_ANALYSIS = YES;
				CLANG_WARN_STRICT_PROTOTYPES = YES;
				CLANG_WARN_SUSPICIOUS_MOVE = YES;
				CLANG_WARN_UNGUARDED_AVAILABILITY = YES_AGGRESSIVE;
				CLANG_WARN_UNREACHABLE_CODE = YES;
				CLANG_WARN__DUPLICATE_METHOD_MATCH = YES;
				COPY_PHASE_STRIP = NO;
				DEBUG_INFORMATION_FORMAT = dwarf;
				ENABLE_STRICT_OBJC_MSGSEND = YES;
				ENABLE_TESTABILITY = YES;
				GCC_C_LANGUAGE_STANDARD = gnu11;
				GCC_DYNAMIC_NO_PIC = NO;
				GCC_NO_COMMON_BLOCKS = YES;
				GCC_OPTIMIZATION_LEVEL = 0;
				GCC_PREPROCESSOR_DEFINITIONS = (
					"DEBUG=1",
					"$(inherited)",
				);
				GCC_WARN_64_TO_32_BIT_CONVERSION = YES;
				GCC_WARN_ABOUT_RETURN_TYPE = YES_ERROR;
				GCC_WARN_UNDECLARED_SELECTOR = YES;
				GCC_WARN_UNINITIALIZED_AUTOS = YES_AGGRESSIVE;
				GCC_WARN_UNUSED_FUNCTION = YES;
				GCC_WARN_UNUSED_VARIABLE = YES;
				IPHONEOS_DEPLOYMENT_TARGET = 13.2;
				MTL_ENABLE_DEBUG_INFO = INCLUDE_SOURCE;
				MTL_FAST_MATH = YES;
				ONLY_ACTIVE_ARCH = YES;
				SDKROOT = iphoneos;
				SWIFT_ACTIVE_COMPILATION_CONDITIONS = DEBUG;
				SWIFT_OPTIMIZATION_LEVEL = "-Onone";
			};
			name = Debug;
		};
		6D362BA023FAB9B90078AF3D /* Release */ = {
			isa = XCBuildConfiguration;
			buildSettings = {
				ALWAYS_SEARCH_USER_PATHS = NO;
				CLANG_ANALYZER_NONNULL = YES;
				CLANG_ANALYZER_NUMBER_OBJECT_CONVERSION = YES_AGGRESSIVE;
				CLANG_CXX_LANGUAGE_STANDARD = "gnu++14";
				CLANG_CXX_LIBRARY = "libc++";
				CLANG_ENABLE_MODULES = YES;
				CLANG_ENABLE_OBJC_ARC = YES;
				CLANG_ENABLE_OBJC_WEAK = YES;
				CLANG_WARN_BLOCK_CAPTURE_AUTORELEASING = YES;
				CLANG_WARN_BOOL_CONVERSION = YES;
				CLANG_WARN_COMMA = YES;
				CLANG_WARN_CONSTANT_CONVERSION = YES;
				CLANG_WARN_DEPRECATED_OBJC_IMPLEMENTATIONS = YES;
				CLANG_WARN_DIRECT_OBJC_ISA_USAGE = YES_ERROR;
				CLANG_WARN_DOCUMENTATION_COMMENTS = YES;
				CLANG_WARN_EMPTY_BODY = YES;
				CLANG_WARN_ENUM_CONVERSION = YES;
				CLANG_WARN_INFINITE_RECURSION = YES;
				CLANG_WARN_INT_CONVERSION = YES;
				CLANG_WARN_NON_LITERAL_NULL_CONVERSION = YES;
				CLANG_WARN_OBJC_IMPLICIT_RETAIN_SELF = YES;
				CLANG_WARN_OBJC_LITERAL_CONVERSION = YES;
				CLANG_WARN_OBJC_ROOT_CLASS = YES_ERROR;
				CLANG_WARN_RANGE_LOOP_ANALYSIS = YES;
				CLANG_WARN_STRICT_PROTOTYPES = YES;
				CLANG_WARN_SUSPICIOUS_MOVE = YES;
				CLANG_WARN_UNGUARDED_AVAILABILITY = YES_AGGRESSIVE;
				CLANG_WARN_UNREACHABLE_CODE = YES;
				CLANG_WARN__DUPLICATE_METHOD_MATCH = YES;
				COPY_PHASE_STRIP = NO;
				DEBUG_INFORMATION_FORMAT = "dwarf-with-dsym";
				ENABLE_NS_ASSERTIONS = NO;
				ENABLE_STRICT_OBJC_MSGSEND = YES;
				GCC_C_LANGUAGE_STANDARD = gnu11;
				GCC_NO_COMMON_BLOCKS = YES;
				GCC_WARN_64_TO_32_BIT_CONVERSION = YES;
				GCC_WARN_ABOUT_RETURN_TYPE = YES_ERROR;
				GCC_WARN_UNDECLARED_SELECTOR = YES;
				GCC_WARN_UNINITIALIZED_AUTOS = YES_AGGRESSIVE;
				GCC_WARN_UNUSED_FUNCTION = YES;
				GCC_WARN_UNUSED_VARIABLE = YES;
				IPHONEOS_DEPLOYMENT_TARGET = 13.2;
				MTL_ENABLE_DEBUG_INFO = NO;
				MTL_FAST_MATH = YES;
				SDKROOT = iphoneos;
				SWIFT_COMPILATION_MODE = wholemodule;
				SWIFT_OPTIMIZATION_LEVEL = "-O";
				VALIDATE_PRODUCT = YES;
			};
			name = Release;
		};
		6D362BA223FAB9B90078AF3D /* Debug */ = {
			isa = XCBuildConfiguration;
			buildSettings = {
				ASSETCATALOG_COMPILER_APPICON_NAME = AppIcon;
				CODE_SIGN_STYLE = Automatic;
				DEVELOPMENT_TEAM = LFG8A6E922;
				INFOPLIST_FILE = Meme/Info.plist;
				LD_RUNPATH_SEARCH_PATHS = (
					"$(inherited)",
					"@executable_path/Frameworks",
				);
				PRODUCT_BUNDLE_IDENTIFIER = petrova.Meme;
				PRODUCT_NAME = "$(TARGET_NAME)";
				SWIFT_VERSION = 5.0;
				TARGETED_DEVICE_FAMILY = "1,2";
			};
			name = Debug;
		};
		6D362BA323FAB9B90078AF3D /* Release */ = {
			isa = XCBuildConfiguration;
			buildSettings = {
				ASSETCATALOG_COMPILER_APPICON_NAME = AppIcon;
				CODE_SIGN_STYLE = Automatic;
				DEVELOPMENT_TEAM = LFG8A6E922;
				INFOPLIST_FILE = Meme/Info.plist;
				LD_RUNPATH_SEARCH_PATHS = (
					"$(inherited)",
					"@executable_path/Frameworks",
				);
				PRODUCT_BUNDLE_IDENTIFIER = petrova.Meme;
				PRODUCT_NAME = "$(TARGET_NAME)";
				SWIFT_VERSION = 5.0;
				TARGETED_DEVICE_FAMILY = "1,2";
			};
			name = Release;
		};
		6DCE64CA23FFDD8900D00513 /* Debug */ = {
			isa = XCBuildConfiguration;
			buildSettings = {
				BUNDLE_LOADER = "$(TEST_HOST)";
				CODE_SIGN_STYLE = Automatic;
				INFOPLIST_FILE = MemeTests/Info.plist;
				LD_RUNPATH_SEARCH_PATHS = (
					"$(inherited)",
					"@executable_path/Frameworks",
					"@loader_path/Frameworks",
				);
				PRODUCT_BUNDLE_IDENTIFIER = petrova.MemeTests;
				PRODUCT_NAME = "$(TARGET_NAME)";
				SWIFT_VERSION = 5.0;
				TARGETED_DEVICE_FAMILY = "1,2";
				TEST_HOST = "$(BUILT_PRODUCTS_DIR)/Meme.app/Meme";
			};
			name = Debug;
		};
		6DCE64CB23FFDD8900D00513 /* Release */ = {
			isa = XCBuildConfiguration;
			buildSettings = {
				BUNDLE_LOADER = "$(TEST_HOST)";
				CODE_SIGN_STYLE = Automatic;
				INFOPLIST_FILE = MemeTests/Info.plist;
				LD_RUNPATH_SEARCH_PATHS = (
					"$(inherited)",
					"@executable_path/Frameworks",
					"@loader_path/Frameworks",
				);
				PRODUCT_BUNDLE_IDENTIFIER = petrova.MemeTests;
				PRODUCT_NAME = "$(TARGET_NAME)";
				SWIFT_VERSION = 5.0;
				TARGETED_DEVICE_FAMILY = "1,2";
				TEST_HOST = "$(BUILT_PRODUCTS_DIR)/Meme.app/Meme";
			};
			name = Release;
		};
/* End XCBuildConfiguration section */

/* Begin XCConfigurationList section */
		6D362B8823FAB9B70078AF3D /* Build configuration list for PBXProject "Meme" */ = {
			isa = XCConfigurationList;
			buildConfigurations = (
				6D362B9F23FAB9B90078AF3D /* Debug */,
				6D362BA023FAB9B90078AF3D /* Release */,
			);
			defaultConfigurationIsVisible = 0;
			defaultConfigurationName = Release;
		};
		6D362BA123FAB9B90078AF3D /* Build configuration list for PBXNativeTarget "Meme" */ = {
			isa = XCConfigurationList;
			buildConfigurations = (
				6D362BA223FAB9B90078AF3D /* Debug */,
				6D362BA323FAB9B90078AF3D /* Release */,
			);
			defaultConfigurationIsVisible = 0;
			defaultConfigurationName = Release;
		};
		6DCE64CC23FFDD8900D00513 /* Build configuration list for PBXNativeTarget "MemeTests" */ = {
			isa = XCConfigurationList;
			buildConfigurations = (
				6DCE64CA23FFDD8900D00513 /* Debug */,
				6DCE64CB23FFDD8900D00513 /* Release */,
			);
			defaultConfigurationIsVisible = 0;
			defaultConfigurationName = Release;
		};
/* End XCConfigurationList section */
	};
	rootObject = 6D362B8523FAB9B70078AF3D /* Project object */;
}
